
Microsoft Visual Studio Solution File, Format Version 12.00
# Visual Studio 15
VisualStudioVersion = 15.0.26124.0
MinimumVisualStudioVersion = 15.0.26124.0
Project("{2150E333-8FDC-42A3-9474-1A3956D46DE8}") = "src", "src", "{7927135A-4359-4E7C-9423-A960058E7AFD}"
EndProject
Project("{FAE04EC0-301F-11D3-BF4B-00C04F79EFBC}") = "JApi", "src\JApi\JApi.csproj", "{E1602729-B77E-45F0-9F4D-B046DB7A8031}"
EndProject
Project("{FAE04EC0-301F-11D3-BF4B-00C04F79EFBC}") = "JHome", "src\JHome\JHome.csproj", "{3F8ABD0E-402B-4548-B5F2-3662CCCB4F5D}"
EndProject
Project("{FAE04EC0-301F-11D3-BF4B-00C04F79EFBC}") = "JFeed", "src\JFeed\JFeed.csproj", "{D8546B94-7F9C-4E14-8A43-D128898BDB21}"
EndProject
Project("{2150E333-8FDC-42A3-9474-1A3956D46DE8}") = "tests", "tests", "{4D083B26-D418-43EA-8678-1291FC21E2F5}"
EndProject
Project("{FAE04EC0-301F-11D3-BF4B-00C04F79EFBC}") = "JFeed.Should", "tests\JFeed.Should\JFeed.Should.csproj", "{0C96F883-614B-4FE2-B5EE-1279DB89A152}"
EndProject
Project("{FAE04EC0-301F-11D3-BF4B-00C04F79EFBC}") = "JApi.Should", "tests\JApi.Should\JApi.Should.csproj", "{6F704553-B487-4A58-94BF-2F4D60F01AEC}"
EndProject
Project("{FAE04EC0-301F-11D3-BF4B-00C04F79EFBC}") = "JHome.Should", "tests\JHome.Should\JHome.Should.csproj", "{2238CE35-428D-4217-8E8E-5C8DEF7B484F}"
EndProject
Global
	GlobalSection(SolutionConfigurationPlatforms) = preSolution
		Debug|Any CPU = Debug|Any CPU
		Debug|x64 = Debug|x64
		Debug|x86 = Debug|x86
		Release|Any CPU = Release|Any CPU
		Release|x64 = Release|x64
		Release|x86 = Release|x86
	EndGlobalSection
	GlobalSection(SolutionProperties) = preSolution
		HideSolutionNode = FALSE
	EndGlobalSection
	GlobalSection(ProjectConfigurationPlatforms) = postSolution
		{E1602729-B77E-45F0-9F4D-B046DB7A8031}.Debug|Any CPU.ActiveCfg = Debug|Any CPU
		{E1602729-B77E-45F0-9F4D-B046DB7A8031}.Debug|Any CPU.Build.0 = Debug|Any CPU
		{E1602729-B77E-45F0-9F4D-B046DB7A8031}.Debug|x64.ActiveCfg = Debug|x64
		{E1602729-B77E-45F0-9F4D-B046DB7A8031}.Debug|x64.Build.0 = Debug|x64
		{E1602729-B77E-45F0-9F4D-B046DB7A8031}.Debug|x86.ActiveCfg = Debug|x86
		{E1602729-B77E-45F0-9F4D-B046DB7A8031}.Debug|x86.Build.0 = Debug|x86
		{E1602729-B77E-45F0-9F4D-B046DB7A8031}.Release|Any CPU.ActiveCfg = Release|Any CPU
		{E1602729-B77E-45F0-9F4D-B046DB7A8031}.Release|Any CPU.Build.0 = Release|Any CPU
		{E1602729-B77E-45F0-9F4D-B046DB7A8031}.Release|x64.ActiveCfg = Release|x64
		{E1602729-B77E-45F0-9F4D-B046DB7A8031}.Release|x64.Build.0 = Release|x64
		{E1602729-B77E-45F0-9F4D-B046DB7A8031}.Release|x86.ActiveCfg = Release|x86
		{E1602729-B77E-45F0-9F4D-B046DB7A8031}.Release|x86.Build.0 = Release|x86
		{3F8ABD0E-402B-4548-B5F2-3662CCCB4F5D}.Debug|Any CPU.ActiveCfg = Debug|Any CPU
		{3F8ABD0E-402B-4548-B5F2-3662CCCB4F5D}.Debug|Any CPU.Build.0 = Debug|Any CPU
		{3F8ABD0E-402B-4548-B5F2-3662CCCB4F5D}.Debug|x64.ActiveCfg = Debug|x64
		{3F8ABD0E-402B-4548-B5F2-3662CCCB4F5D}.Debug|x64.Build.0 = Debug|x64
		{3F8ABD0E-402B-4548-B5F2-3662CCCB4F5D}.Debug|x86.ActiveCfg = Debug|x86
		{3F8ABD0E-402B-4548-B5F2-3662CCCB4F5D}.Debug|x86.Build.0 = Debug|x86
		{3F8ABD0E-402B-4548-B5F2-3662CCCB4F5D}.Release|Any CPU.ActiveCfg = Release|Any CPU
		{3F8ABD0E-402B-4548-B5F2-3662CCCB4F5D}.Release|Any CPU.Build.0 = Release|Any CPU
		{3F8ABD0E-402B-4548-B5F2-3662CCCB4F5D}.Release|x64.ActiveCfg = Release|x64
		{3F8ABD0E-402B-4548-B5F2-3662CCCB4F5D}.Release|x64.Build.0 = Release|x64
		{3F8ABD0E-402B-4548-B5F2-3662CCCB4F5D}.Release|x86.ActiveCfg = Release|x86
		{3F8ABD0E-402B-4548-B5F2-3662CCCB4F5D}.Release|x86.Build.0 = Release|x86
		{D8546B94-7F9C-4E14-8A43-D128898BDB21}.Debug|Any CPU.ActiveCfg = Debug|Any CPU
		{D8546B94-7F9C-4E14-8A43-D128898BDB21}.Debug|Any CPU.Build.0 = Debug|Any CPU
		{D8546B94-7F9C-4E14-8A43-D128898BDB21}.Debug|x64.ActiveCfg = Debug|x64
		{D8546B94-7F9C-4E14-8A43-D128898BDB21}.Debug|x64.Build.0 = Debug|x64
		{D8546B94-7F9C-4E14-8A43-D128898BDB21}.Debug|x86.ActiveCfg = Debug|x86
		{D8546B94-7F9C-4E14-8A43-D128898BDB21}.Debug|x86.Build.0 = Debug|x86
		{D8546B94-7F9C-4E14-8A43-D128898BDB21}.Release|Any CPU.ActiveCfg = Release|Any CPU
		{D8546B94-7F9C-4E14-8A43-D128898BDB21}.Release|Any CPU.Build.0 = Release|Any CPU
		{D8546B94-7F9C-4E14-8A43-D128898BDB21}.Release|x64.ActiveCfg = Release|x64
		{D8546B94-7F9C-4E14-8A43-D128898BDB21}.Release|x64.Build.0 = Release|x64
		{D8546B94-7F9C-4E14-8A43-D128898BDB21}.Release|x86.ActiveCfg = Release|x86
		{D8546B94-7F9C-4E14-8A43-D128898BDB21}.Release|x86.Build.0 = Release|x86
		{0C96F883-614B-4FE2-B5EE-1279DB89A152}.Debug|Any CPU.ActiveCfg = Debug|Any CPU
		{0C96F883-614B-4FE2-B5EE-1279DB89A152}.Debug|Any CPU.Build.0 = Debug|Any CPU
		{0C96F883-614B-4FE2-B5EE-1279DB89A152}.Debug|x64.ActiveCfg = Debug|x64
		{0C96F883-614B-4FE2-B5EE-1279DB89A152}.Debug|x64.Build.0 = Debug|x64
		{0C96F883-614B-4FE2-B5EE-1279DB89A152}.Debug|x86.ActiveCfg = Debug|x86
		{0C96F883-614B-4FE2-B5EE-1279DB89A152}.Debug|x86.Build.0 = Debug|x86
		{0C96F883-614B-4FE2-B5EE-1279DB89A152}.Release|Any CPU.ActiveCfg = Release|Any CPU
		{0C96F883-614B-4FE2-B5EE-1279DB89A152}.Release|Any CPU.Build.0 = Release|Any CPU
		{0C96F883-614B-4FE2-B5EE-1279DB89A152}.Release|x64.ActiveCfg = Release|x64
		{0C96F883-614B-4FE2-B5EE-1279DB89A152}.Release|x64.Build.0 = Release|x64
		{0C96F883-614B-4FE2-B5EE-1279DB89A152}.Release|x86.ActiveCfg = Release|x86
		{0C96F883-614B-4FE2-B5EE-1279DB89A152}.Release|x86.Build.0 = Release|x86
		{6F704553-B487-4A58-94BF-2F4D60F01AEC}.Debug|Any CPU.ActiveCfg = Debug|Any CPU
		{6F704553-B487-4A58-94BF-2F4D60F01AEC}.Debug|Any CPU.Build.0 = Debug|Any CPU
		{6F704553-B487-4A58-94BF-2F4D60F01AEC}.Debug|x64.ActiveCfg = Debug|x64
		{6F704553-B487-4A58-94BF-2F4D60F01AEC}.Debug|x64.Build.0 = Debug|x64
		{6F704553-B487-4A58-94BF-2F4D60F01AEC}.Debug|x86.ActiveCfg = Debug|x86
		{6F704553-B487-4A58-94BF-2F4D60F01AEC}.Debug|x86.Build.0 = Debug|x86
		{6F704553-B487-4A58-94BF-2F4D60F01AEC}.Release|Any CPU.ActiveCfg = Release|Any CPU
		{6F704553-B487-4A58-94BF-2F4D60F01AEC}.Release|Any CPU.Build.0 = Release|Any CPU
		{6F704553-B487-4A58-94BF-2F4D60F01AEC}.Release|x64.ActiveCfg = Release|x64
		{6F704553-B487-4A58-94BF-2F4D60F01AEC}.Release|x64.Build.0 = Release|x64
		{6F704553-B487-4A58-94BF-2F4D60F01AEC}.Release|x86.ActiveCfg = Release|x86
		{6F704553-B487-4A58-94BF-2F4D60F01AEC}.Release|x86.Build.0 = Release|x86
		{2238CE35-428D-4217-8E8E-5C8DEF7B484F}.Debug|Any CPU.ActiveCfg = Debug|Any CPU
		{2238CE35-428D-4217-8E8E-5C8DEF7B484F}.Debug|Any CPU.Build.0 = Debug|Any CPU
		{2238CE35-428D-4217-8E8E-5C8DEF7B484F}.Debug|x64.ActiveCfg = Debug|x64
		{2238CE35-428D-4217-8E8E-5C8DEF7B484F}.Debug|x64.Build.0 = Debug|x64
		{2238CE35-428D-4217-8E8E-5C8DEF7B484F}.Debug|x86.ActiveCfg = Debug|x86
		{2238CE35-428D-4217-8E8E-5C8DEF7B484F}.Debug|x86.Build.0 = Debug|x86
		{2238CE35-428D-4217-8E8E-5C8DEF7B484F}.Release|Any CPU.ActiveCfg = Release|Any CPU
		{2238CE35-428D-4217-8E8E-5C8DEF7B484F}.Release|Any CPU.Build.0 = Release|Any CPU
		{2238CE35-428D-4217-8E8E-5C8DEF7B484F}.Release|x64.ActiveCfg = Release|x64
		{2238CE35-428D-4217-8E8E-5C8DEF7B484F}.Release|x64.Build.0 = Release|x64
		{2238CE35-428D-4217-8E8E-5C8DEF7B484F}.Release|x86.ActiveCfg = Release|x86
		{2238CE35-428D-4217-8E8E-5C8DEF7B484F}.Release|x86.Build.0 = Release|x86
	EndGlobalSection
	GlobalSection(NestedProjects) = preSolution
		{E1602729-B77E-45F0-9F4D-B046DB7A8031} = {7927135A-4359-4E7C-9423-A960058E7AFD}
		{3F8ABD0E-402B-4548-B5F2-3662CCCB4F5D} = {7927135A-4359-4E7C-9423-A960058E7AFD}
		{D8546B94-7F9C-4E14-8A43-D128898BDB21} = {7927135A-4359-4E7C-9423-A960058E7AFD}
		{0C96F883-614B-4FE2-B5EE-1279DB89A152} = {4D083B26-D418-43EA-8678-1291FC21E2F5}
		{6F704553-B487-4A58-94BF-2F4D60F01AEC} = {4D083B26-D418-43EA-8678-1291FC21E2F5}
		{2238CE35-428D-4217-8E8E-5C8DEF7B484F} = {4D083B26-D418-43EA-8678-1291FC21E2F5}
	EndGlobalSection
EndGlobal
